// !$*UTF8*$!
{
	archiveVersion = 1;
	classes = {
	};
	objectVersion = 46;
	objects = {

/* Begin PBXBuildFile section */
		DB3726A319F1C4A500498EED /* AppDelegate.swift in Sources */ = {isa = PBXBuildFile; fileRef = DB3726A219F1C4A500498EED /* AppDelegate.swift */; };
		DB3726A519F1C4A500498EED /* ViewController.swift in Sources */ = {isa = PBXBuildFile; fileRef = DB3726A419F1C4A500498EED /* ViewController.swift */; };
		DB3726A819F1C4A500498EED /* Main.storyboard in Resources */ = {isa = PBXBuildFile; fileRef = DB3726A619F1C4A500498EED /* Main.storyboard */; };
		DB3726AA19F1C4A500498EED /* Images.xcassets in Resources */ = {isa = PBXBuildFile; fileRef = DB3726A919F1C4A500498EED /* Images.xcassets */; };
		DB3726AD19F1C4A500498EED /* LaunchScreen.xib in Resources */ = {isa = PBXBuildFile; fileRef = DB3726AB19F1C4A500498EED /* LaunchScreen.xib */; };
		DB3726B919F1C4A500498EED /* PostcardTests.swift in Sources */ = {isa = PBXBuildFile; fileRef = DB3726B819F1C4A500498EED /* PostcardTests.swift */; };
		DB3726C419F1D27F00498EED /* AlbertEinsteinStamp.jpg in Resources */ = {isa = PBXBuildFile; fileRef = DB3726C219F1D27F00498EED /* AlbertEinsteinStamp.jpg */; };
		DB3726C519F1D27F00498EED /* SagradaFamilia.jpeg in Resources */ = {isa = PBXBuildFile; fileRef = DB3726C319F1D27F00498EED /* SagradaFamilia.jpeg */; };
/* End PBXBuildFile section */

/* Begin PBXContainerItemProxy section */
		DB3726B319F1C4A500498EED /* PBXContainerItemProxy */ = {
			isa = PBXContainerItemProxy;
			containerPortal = DB37269519F1C4A500498EED /* Project object */;
			proxyType = 1;
			remoteGlobalIDString = DB37269C19F1C4A500498EED;
			remoteInfo = Postcard;
		};
/* End PBXContainerItemProxy section */

/* Begin PBXFileReference section */
		DB37269D19F1C4A500498EED /* Postcard.app */ = {isa = PBXFileReference; explicitFileType = wrapper.application; includeInIndex = 0; path = Postcard.app; sourceTree = BUILT_PRODUCTS_DIR; };
		DB3726A119F1C4A500498EED /* Info.plist */ = {isa = PBXFileReference; lastKnownFileType = text.plist.xml; path = Info.plist; sourceTree = "<group>"; };
		DB3726A219F1C4A500498EED /* AppDelegate.swift */ = {isa = PBXFileReference; lastKnownFileType = sourcecode.swift; path = AppDelegate.swift; sourceTree = "<group>"; };
		DB3726A419F1C4A500498EED /* ViewController.swift */ = {isa = PBXFileReference; lastKnownFileType = sourcecode.swift; path = ViewController.swift; sourceTree = "<group>"; };
		DB3726A719F1C4A500498EED /* Base */ = {isa = PBXFileReference; lastKnownFileType = file.storyboard; name = Base; path = Base.lproj/Main.storyboard; sourceTree = "<group>"; };
		DB3726A919F1C4A500498EED /* Images.xcassets */ = {isa = PBXFileReference; lastKnownFileType = folder.assetcatalog; path = Images.xcassets; sourceTree = "<group>"; };
		DB3726AC19F1C4A500498EED /* Base */ = {isa = PBXFileReference; lastKnownFileType = file.xib; name = Base; path = Base.lproj/LaunchScreen.xib; sourceTree = "<group>"; };
		DB3726B219F1C4A500498EED /* PostcardTests.xctest */ = {isa = PBXFileReference; explicitFileType = wrapper.cfbundle; includeInIndex = 0; path = PostcardTests.xctest; sourceTree = BUILT_PRODUCTS_DIR; };
		DB3726B719F1C4A500498EED /* Info.plist */ = {isa = PBXFileReference; lastKnownFileType = text.plist.xml; path = Info.plist; sourceTree = "<group>"; };
		DB3726B819F1C4A500498EED /* PostcardTests.swift */ = {isa = PBXFileReference; lastKnownFileType = sourcecode.swift; path = PostcardTests.swift; sourceTree = "<group>"; };
		DB3726C219F1D27F00498EED /* AlbertEinsteinStamp.jpg */ = {isa = PBXFileReference; lastKnownFileType = image.jpeg; path = AlbertEinsteinStamp.jpg; sourceTree = "<group>"; };
		DB3726C319F1D27F00498EED /* SagradaFamilia.jpeg */ = {isa = PBXFileReference; lastKnownFileType = image.jpeg; path = SagradaFamilia.jpeg; sourceTree = "<group>"; };
/* End PBXFileReference section */

/* Begin PBXFrameworksBuildPhase section */
		DB37269A19F1C4A500498EED /* Frameworks */ = {
			isa = PBXFrameworksBuildPhase;
			buildActionMask = 2147483647;
			files = (
			);
			runOnlyForDeploymentPostprocessing = 0;
		};
		DB3726AF19F1C4A500498EED /* Frameworks */ = {
			isa = PBXFrameworksBuildPhase;
			buildActionMask = 2147483647;
			files = (
			);
			runOnlyForDeploymentPostprocessing = 0;
		};
/* End PBXFrameworksBuildPhase section */

/* Begin PBXGroup section */
		DB37269419F1C4A500498EED = {
			isa = PBXGroup;
			children = (
				DB37269F19F1C4A500498EED /* Postcard */,
				DB3726B519F1C4A500498EED /* PostcardTests */,
				DB37269E19F1C4A500498EED /* Products */,
			);
			sourceTree = "<group>";
		};
		DB37269E19F1C4A500498EED /* Products */ = {
			isa = PBXGroup;
			children = (
				DB37269D19F1C4A500498EED /* Postcard.app */,
				DB3726B219F1C4A500498EED /* PostcardTests.xctest */,
			);
			name = Products;
			sourceTree = "<group>";
		};
		DB37269F19F1C4A500498EED /* Postcard */ = {
			isa = PBXGroup;
			children = (
				DB3726A219F1C4A500498EED /* AppDelegate.swift */,
				DB3726A419F1C4A500498EED /* ViewController.swift */,
				DB3726A619F1C4A500498EED /* Main.storyboard */,
				DB3726A919F1C4A500498EED /* Images.xcassets */,
				DB3726AB19F1C4A500498EED /* LaunchScreen.xib */,
				DB3726A019F1C4A500498EED /* Supporting Files */,
			);
			path = Postcard;
			sourceTree = "<group>";
		};
		DB3726A019F1C4A500498EED /* Supporting Files */ = {
			isa = PBXGroup;
			children = (
				DB3726C219F1D27F00498EED /* AlbertEinsteinStamp.jpg */,
				DB3726C319F1D27F00498EED /* SagradaFamilia.jpeg */,
				DB3726A119F1C4A500498EED /* Info.plist */,
			);
			name = "Supporting Files";
			sourceTree = "<group>";
		};
		DB3726B519F1C4A500498EED /* PostcardTests */ = {
			isa = PBXGroup;
			children = (
				DB3726B819F1C4A500498EED /* PostcardTests.swift */,
				DB3726B619F1C4A500498EED /* Supporting Files */,
			);
			path = PostcardTests;
			sourceTree = "<group>";
		};
		DB3726B619F1C4A500498EED /* Supporting Files */ = {
			isa = PBXGroup;
			children = (
				DB3726B719F1C4A500498EED /* Info.plist */,
			);
			name = "Supporting Files";
			sourceTree = "<group>";
		};
/* End PBXGroup section */

/* Begin PBXNativeTarget section */
		DB37269C19F1C4A500498EED /* Postcard */ = {
			isa = PBXNativeTarget;
			buildConfigurationList = DB3726BC19F1C4A500498EED /* Build configuration list for PBXNativeTarget "Postcard" */;
			buildPhases = (
				DB37269919F1C4A500498EED /* Sources */,
				DB37269A19F1C4A500498EED /* Frameworks */,
				DB37269B19F1C4A500498EED /* Resources */,
			);
			buildRules = (
			);
			dependencies = (
			);
			name = Postcard;
			productName = Postcard;
			productReference = DB37269D19F1C4A500498EED /* Postcard.app */;
			productType = "com.apple.product-type.application";
		};
		DB3726B119F1C4A500498EED /* PostcardTests */ = {
			isa = PBXNativeTarget;
			buildConfigurationList = DB3726BF19F1C4A600498EED /* Build configuration list for PBXNativeTarget "PostcardTests" */;
			buildPhases = (
				DB3726AE19F1C4A500498EED /* Sources */,
				DB3726AF19F1C4A500498EED /* Frameworks */,
				DB3726B019F1C4A500498EED /* Resources */,
			);
			buildRules = (
			);
			dependencies = (
				DB3726B419F1C4A500498EED /* PBXTargetDependency */,
			);
			name = PostcardTests;
			productName = PostcardTests;
			productReference = DB3726B219F1C4A500498EED /* PostcardTests.xctest */;
			productType = "com.apple.product-type.bundle.unit-test";
		};
/* End PBXNativeTarget section */

/* Begin PBXProject section */
		DB37269519F1C4A500498EED /* Project object */ = {
			isa = PBXProject;
			attributes = {
				LastUpgradeCheck = 0600;
				ORGANIZATIONNAME = "Roger Marlo Acton";
				TargetAttributes = {
					DB37269C19F1C4A500498EED = {
						CreatedOnToolsVersion = 6.0.1;
					};
					DB3726B119F1C4A500498EED = {
						CreatedOnToolsVersion = 6.0.1;
						TestTargetID = DB37269C19F1C4A500498EED;
					};
				};
			};
			buildConfigurationList = DB37269819F1C4A500498EED /* Build configuration list for PBXProject "Postcard" */;
			compatibilityVersion = "Xcode 3.2";
			developmentRegion = English;
			hasScannedForEncodings = 0;
			knownRegions = (
				en,
				Base,
			);
			mainGroup = DB37269419F1C4A500498EED;
			productRefGroup = DB37269E19F1C4A500498EED /* Products */;
			projectDirPath = "";
			projectRoot = "";
			targets = (
				DB37269C19F1C4A500498EED /* Postcard */,
				DB3726B119F1C4A500498EED /* PostcardTests */,
			);
		};
/* End PBXProject section */

/* Begin PBXResourcesBuildPhase section */
		DB37269B19F1C4A500498EED /* Resources */ = {
			isa = PBXResourcesBuildPhase;
			buildActionMask = 2147483647;
			files = (
				DB3726C419F1D27F00498EED /* AlbertEinsteinStamp.jpg in Resources */,
				DB3726A819F1C4A500498EED /* Main.storyboard in Resources */,
				DB3726AD19F1C4A500498EED /* LaunchScreen.xib in Resources */,
				DB3726AA19F1C4A500498EED /* Images.xcassets in Resources */,
				DB3726C519F1D27F00498EED /* SagradaFamilia.jpeg in Resources */,
			);
			runOnlyForDeploymentPostprocessing = 0;
		};
		DB3726B019F1C4A500498EED /* Resources */ = {
			isa = PBXResourcesBuildPhase;
			buildActionMask = 2147483647;
			files = (
			);
			runOnlyForDeploymentPostprocessing = 0;
		};
/* End PBXResourcesBuildPhase section */

/* Begin PBXSourcesBuildPhase section */
		DB37269919F1C4A500498EED /* Sources */ = {
			isa = PBXSourcesBuildPhase;
			buildActionMask = 2147483647;
			files = (
				DB3726A519F1C4A500498EED /* ViewController.swift in Sources */,
				DB3726A319F1C4A500498EED /* AppDelegate.swift in Sources */,
			);
			runOnlyForDeploymentPostprocessing = 0;
		};
		DB3726AE19F1C4A500498EED /* Sources */ = {
			isa = PBXSourcesBuildPhase;
			buildActionMask = 2147483647;
			files = (
				DB3726B919F1C4A500498EED /* PostcardTests.swift in Sources */,
			);
			runOnlyForDeploymentPostprocessing = 0;
		};
/* End PBXSourcesBuildPhase section */

/* Begin PBXTargetDependency section */
		DB3726B419F1C4A500498EED /* PBXTargetDependency */ = {
			isa = PBXTargetDependency;
			target = DB37269C19F1C4A500498EED /* Postcard */;
			targetProxy = DB3726B319F1C4A500498EED /* PBXContainerItemProxy */;
		};
/* End PBXTargetDependency section */

/* Begin PBXVariantGroup section */
		DB3726A619F1C4A500498EED /* Main.storyboard */ = {
			isa = PBXVariantGroup;
			children = (
				DB3726A719F1C4A500498EED /* Base */,
			);
			name = Main.storyboard;
			sourceTree = "<group>";
		};
		DB3726AB19F1C4A500498EED /* LaunchScreen.xib */ = {
			isa = PBXVariantGroup;
			children = (
				DB3726AC19F1C4A500498EED /* Base */,
			);
			name = LaunchScreen.xib;
			sourceTree = "<group>";
		};
/* End PBXVariantGroup section */

/* Begin XCBuildConfiguration section */
		DB3726BA19F1C4A500498EED /* Debug */ = {
			isa = XCBuildConfiguration;
			buildSettings = {
				ALWAYS_SEARCH_USER_PATHS = NO;
				CLANG_CXX_LANGUAGE_STANDARD = "gnu++0x";
				CLANG_CXX_LIBRARY = "libc++";
				CLANG_ENABLE_MODULES = YES;
				CLANG_ENABLE_OBJC_ARC = YES;
				CLANG_WARN_BOOL_CONVERSION = YES;
				CLANG_WARN_CONSTANT_CONVERSION = YES;
				CLANG_WARN_DIRECT_OBJC_ISA_USAGE = YES_ERROR;
				CLANG_WARN_EMPTY_BODY = YES;
				CLANG_WARN_ENUM_CONVERSION = YES;
				CLANG_WARN_INT_CONVERSION = YES;
				CLANG_WARN_OBJC_ROOT_CLASS = YES_ERROR;
				CLANG_WARN_UNREACHABLE_CODE = YES;
				CLANG_WARN__DUPLICATE_METHOD_MATCH = YES;
				"CODE_SIGN_IDENTITY[sdk=iphoneos*]" = "iPhone Developer";
				COPY_PHASE_STRIP = NO;
				ENABLE_STRICT_OBJC_MSGSEND = YES;
				GCC_C_LANGUAGE_STANDARD = gnu99;
				GCC_DYNAMIC_NO_PIC = NO;
				GCC_OPTIMIZATION_LEVEL = 0;
				GCC_PREPROCESSOR_DEFINITIONS = (
					"DEBUG=1",
					"$(inherited)",
				);
				GCC_SYMBOLS_PRIVATE_EXTERN = NO;
				GCC_WARN_64_TO_32_BIT_CONVERSION = YES;
				GCC_WARN_ABOUT_RETURN_TYPE = YES_ERROR;
				GCC_WARN_UNDECLARED_SELECTOR = YES;
				GCC_WARN_UNINITIALIZED_AUTOS = YES_AGGRESSIVE;
				GCC_WARN_UNUSED_FUNCTION = YES;
				GCC_WARN_UNUSED_VARIABLE = YES;
				IPHONEOS_DEPLOYMENT_TARGET = 8.0;
				MTL_ENABLE_DEBUG_INFO = YES;
				ONLY_ACTIVE_ARCH = YES;
				SDKROOT = iphoneos;
				SWIFT_OPTIMIZATION_LEVEL = "-Onone";
				TARGETED_DEVICE_FAMILY = "1,2";
			};
			name = Debug;
		};
		DB3726BB19F1C4A500498EED /* Release */ = {
			isa = XCBuildConfiguration;
			buildSettings = {
				ALWAYS_SEARCH_USER_PATHS = NO;
				CLANG_CXX_LANGUAGE_STANDARD = "gnu++0x";
				CLANG_CXX_LIBRARY = "libc++";
				CLANG_ENABLE_MODULES = YES;
				CLANG_ENABLE_OBJC_ARC = YES;
				CLANG_WARN_BOOL_CONVERSION = YES;
				CLANG_WARN_CONSTANT_CONVERSION = YES;
				CLANG_WARN_DIRECT_OBJC_ISA_USAGE = YES_ERROR;
				CLANG_WARN_EMPTY_BODY = YES;
				CLANG_WARN_ENUM_CONVERSION = YES;
				CLANG_WARN_INT_CONVERSION = YES;
				CLANG_WARN_OBJC_ROOT_CLASS = YES_ERROR;
				CLANG_WARN_UNREACHABLE_CODE = YES;
				CLANG_WARN__DUPLICATE_METHOD_MATCH = YES;
				"CODE_SIGN_IDENTITY[sdk=iphoneos*]" = "iPhone Developer";
				COPY_PHASE_STRIP = YES;
				ENABLE_NS_ASSERTIONS = NO;
				ENABLE_STRICT_OBJC_MSGSEND = YES;
				GCC_C_LANGUAGE_STANDARD = gnu99;
				GCC_WARN_64_TO_32_BIT_CONVERSION = YES;
				GCC_WARN_ABOUT_RETURN_TYPE = YES_ERROR;
				GCC_WARN_UNDECLARED_SELECTOR = YES;
				GCC_WARN_UNINITIALIZED_AUTOS = YES_AGGRESSIVE;
				GCC_WARN_UNUSED_FUNCTION = YES;
				GCC_WARN_UNUSED_VARIABLE = YES;
				IPHONEOS_DEPLOYMENT_TARGET = 8.0;
				MTL_ENABLE_DEBUG_INFO = NO;
				SDKROOT = iphoneos;
				TARGETED_DEVICE_FAMILY = "1,2";
				VALIDATE_PRODUCT = YES;
			};
			name = Release;
		};
		DB3726BD19F1C4A500498EED /* Debug */ = {
			isa = XCBuildConfiguration;
			buildSettings = {
				ASSETCATALOG_COMPILER_APPICON_NAME = AppIcon;
				INFOPLIST_FILE = Postcard/Info.plist;
				LD_RUNPATH_SEARCH_PATHS = "$(inherited) @executable_path/Frameworks";
				PRODUCT_NAME = "$(TARGET_NAME)";
			};
			name = Debug;
		};
		DB3726BE19F1C4A500498EED /* Release */ = {
			isa = XCBuildConfiguration;
			buildSettings = {
				ASSETCATALOG_COMPILER_APPICON_NAME = AppIcon;
				INFOPLIST_FILE = Postcard/Info.plist;
				LD_RUNPATH_SEARCH_PATHS = "$(inherited) @executable_path/Frameworks";
				PRODUCT_NAME = "$(TARGET_NAME)";
			};
			name = Release;
		};
		DB3726C019F1C4A600498EED /* Debug */ = {
			isa = XCBuildConfiguration;
			buildSettings = {
				BUNDLE_LOADER = "$(TEST_HOST)";
				FRAMEWORK_SEARCH_PATHS = (
					"$(SDKROOT)/Developer/Library/Frameworks",
					"$(inherited)",
				);
				GCC_PREPROCESSOR_DEFINITIONS = (
					"DEBUG=1",
					"$(inherited)",
				);
				INFOPLIST_FILE = PostcardTests/Info.plist;
				LD_RUNPATH_SEARCH_PATHS = "$(inherited) @executable_path/Frameworks @loader_path/Frameworks";
				PRODUCT_NAME = "$(TARGET_NAME)";
				TEST_HOST = "$(BUILT_PRODUCTS_DIR)/Postcard.app/Postcard";
			};
			name = Debug;
		};
		DB3726C119F1C4A600498EED /* Release */ = {
			isa = XCBuildConfiguration;
			buildSettings = {
				BUNDLE_LOADER = "$(TEST_HOST)";
				FRAMEWORK_SEARCH_PATHS = (
					"$(SDKROOT)/Developer/Library/Frameworks",
					"$(inherited)",
				);
				INFOPLIST_FILE = PostcardTests/Info.plist;
				LD_RUNPATH_SEARCH_PATHS = "$(inherited) @executable_path/Frameworks @loader_path/Frameworks";
				PRODUCT_NAME = "$(TARGET_NAME)";
				TEST_HOST = "$(BUILT_PRODUCTS_DIR)/Postcard.app/Postcard";
			};
			name = Release;
		};
/* End XCBuildConfiguration section */

/* Begin XCConfigurationList section */
		DB37269819F1C4A500498EED /* Build configuration list for PBXProject "Postcard" */ = {
			isa = XCConfigurationList;
			buildConfigurations = (
				DB3726BA19F1C4A500498EED /* Debug */,
				DB3726BB19F1C4A500498EED /* Release */,
			);
			defaultConfigurationIsVisible = 0;
			defaultConfigurationName = Release;
		};
		DB3726BC19F1C4A500498EED /* Build configuration list for PBXNativeTarget "Postcard" */ = {
			isa = XCConfigurationList;
			buildConfigurations = (
				DB3726BD19F1C4A500498EED /* Debug */,
				DB3726BE19F1C4A500498EED /* Release */,
			);
			defaultConfigurationIsVisible = 0;
		};
		DB3726BF19F1C4A600498EED /* Build configuration list for PBXNativeTarget "PostcardTests" */ = {
			isa = XCConfigurationList;
			buildConfigurations = (
				DB3726C019F1C4A600498EED /* Debug */,
				DB3726C119F1C4A600498EED /* Release */,
			);
			defaultConfigurationIsVisible = 0;
		};
/* End XCConfigurationList section */
	};
	rootObject = DB37269519F1C4A500498EED /* Project object */;
}
